
Microsoft Visual Studio Solution File, Format Version 12.00
# Visual Studio Version 17
VisualStudioVersion = 17.6.33829.357
MinimumVisualStudioVersion = 10.0.40219.1
Project("{FAE04EC0-301F-11D3-BF4B-00C04F79EFBC}") = "Visual", "Visual\Visual.csproj", "{4E013C90-E9B4-43CB-B0DE-303D30331F76}"
EndProject
Project("{FAE04EC0-301F-11D3-BF4B-00C04F79EFBC}") = "Domain", "Domain\Domain.csproj", "{4D61930C-F916-41CF-9B69-616058B6967F}"
EndProject
Project("{FAE04EC0-301F-11D3-BF4B-00C04F79EFBC}") = "Business", "Business\Business.csproj", "{BC1E47B3-3B64-43CE-AD7E-F4CE651E8C9C}"
EndProject
Global
	GlobalSection(SolutionConfigurationPlatforms) = preSolution
		Debug|Any CPU = Debug|Any CPU
		Release|Any CPU = Release|Any CPU
	EndGlobalSection
	GlobalSection(ProjectConfigurationPlatforms) = postSolution
		{4E013C90-E9B4-43CB-B0DE-303D30331F76}.Debug|Any CPU.ActiveCfg = Debug|Any CPU
		{4E013C90-E9B4-43CB-B0DE-303D30331F76}.Debug|Any CPU.Build.0 = Debug|Any CPU
		{4E013C90-E9B4-43CB-B0DE-303D30331F76}.Release|Any CPU.ActiveCfg = Release|Any CPU
		{4E013C90-E9B4-43CB-B0DE-303D30331F76}.Release|Any CPU.Build.0 = Release|Any CPU
		{4D61930C-F916-41CF-9B69-616058B6967F}.Debug|Any CPU.ActiveCfg = Debug|Any CPU
		{4D61930C-F916-41CF-9B69-616058B6967F}.Debug|Any CPU.Build.0 = Debug|Any CPU
		{4D61930C-F916-41CF-9B69-616058B6967F}.Release|Any CPU.ActiveCfg = Release|Any CPU
		{4D61930C-F916-41CF-9B69-616058B6967F}.Release|Any CPU.Build.0 = Release|Any CPU
		{BC1E47B3-3B64-43CE-AD7E-F4CE651E8C9C}.Debug|Any CPU.ActiveCfg = Debug|Any CPU
		{BC1E47B3-3B64-43CE-AD7E-F4CE651E8C9C}.Debug|Any CPU.Build.0 = Debug|Any CPU
		{BC1E47B3-3B64-43CE-AD7E-F4CE651E8C9C}.Release|Any CPU.ActiveCfg = Release|Any CPU
		{BC1E47B3-3B64-43CE-AD7E-F4CE651E8C9C}.Release|Any CPU.Build.0 = Release|Any CPU
	EndGlobalSection
	GlobalSection(SolutionProperties) = preSolution
		HideSolutionNode = FALSE
	EndGlobalSection
	GlobalSection(ExtensibilityGlobals) = postSolution
		SolutionGuid = {0EFA0E01-069B-49B6-AE68-9CC85066C965}
	EndGlobalSection
EndGlobal
